
Microsoft Visual Studio Solution File, Format Version 12.00
# Visual Studio Version 17
VisualStudioVersion = 17.1.32421.90
MinimumVisualStudioVersion = 10.0.40219.1
Project("{FAE04EC0-301F-11D3-BF4B-00C04F79EFBC}") = "Lab3", "Lab3.csproj", "{98B4A5F2-A94F-450C-9FA7-7A7D606D96EF}"
EndProject
Global
	GlobalSection(SolutionConfigurationPlatforms) = preSolution
		Debug|Any CPU = Debug|Any CPU
		Release|Any CPU = Release|Any CPU
	EndGlobalSection
	GlobalSection(ProjectConfigurationPlatforms) = postSolution
		{98B4A5F2-A94F-450C-9FA7-7A7D606D96EF}.Debug|Any CPU.ActiveCfg = Debug|Any CPU
		{98B4A5F2-A94F-450C-9FA7-7A7D606D96EF}.Debug|Any CPU.Build.0 = Debug|Any CPU
		{98B4A5F2-A94F-450C-9FA7-7A7D606D96EF}.Release|Any CPU.ActiveCfg = Release|Any CPU
		{98B4A5F2-A94F-450C-9FA7-7A7D606D96EF}.Release|Any CPU.Build.0 = Release|Any CPU
	EndGlobalSection
	GlobalSection(SolutionProperties) = preSolution
		HideSolutionNode = FALSE
	EndGlobalSection
	GlobalSection(ExtensibilityGlobals) = postSolution
		SolutionGuid = {8FFDC71B-0FD3-40ED-807D-C7756A4FF3AF}
	EndGlobalSection
EndGlobal
